
Microsoft Visual Studio Solution File, Format Version 12.00
Project("{2150E333-8FDC-42A3-9474-1A3956D46DE8}") = ".solution", ".solution", "{0D964841-4826-4FC8-8DCE-80945552D32D}"
	ProjectSection(SolutionItems) = preProject
		.editorconfig = .editorconfig
		.gitattributes = .gitattributes
		.gitignore = .gitignore
		README.md = README.md
	EndProjectSection
EndProject
Project("{FAE04EC0-301F-11D3-BF4B-00C04F79EFBC}") = "Day1", "day-1\Day1.csproj", "{A74ECA0C-477B-4ED3-A2B5-6BD345B7069B}"
EndProject
Project("{FAE04EC0-301F-11D3-BF4B-00C04F79EFBC}") = "Day2", "day-2\Day2.csproj", "{25495BA6-DBA9-49A2-B718-3345464530FE}"
EndProject
Project("{FAE04EC0-301F-11D3-BF4B-00C04F79EFBC}") = "Day3", "day-3\Day3.csproj", "{C8EE0E3D-9AD3-4891-9439-BBF09B44EB79}"
EndProject
Project("{FAE04EC0-301F-11D3-BF4B-00C04F79EFBC}") = "Day4", "day-4\Day4.csproj", "{E274F8CD-045C-4EA0-B4C6-F641AECA175D}"
EndProject
Project("{FAE04EC0-301F-11D3-BF4B-00C04F79EFBC}") = "Day5", "day-5\Day5.csproj", "{69F8369E-DA81-43DF-8FF4-6B783A10D081}"
EndProject
Global
	GlobalSection(SolutionConfigurationPlatforms) = preSolution
		Debug|Any CPU = Debug|Any CPU
		Release|Any CPU = Release|Any CPU
	EndGlobalSection
	GlobalSection(ProjectConfigurationPlatforms) = postSolution
		{A74ECA0C-477B-4ED3-A2B5-6BD345B7069B}.Debug|Any CPU.ActiveCfg = Debug|Any CPU
		{A74ECA0C-477B-4ED3-A2B5-6BD345B7069B}.Debug|Any CPU.Build.0 = Debug|Any CPU
		{A74ECA0C-477B-4ED3-A2B5-6BD345B7069B}.Release|Any CPU.ActiveCfg = Release|Any CPU
		{A74ECA0C-477B-4ED3-A2B5-6BD345B7069B}.Release|Any CPU.Build.0 = Release|Any CPU
		{25495BA6-DBA9-49A2-B718-3345464530FE}.Debug|Any CPU.ActiveCfg = Debug|Any CPU
		{25495BA6-DBA9-49A2-B718-3345464530FE}.Debug|Any CPU.Build.0 = Debug|Any CPU
		{25495BA6-DBA9-49A2-B718-3345464530FE}.Release|Any CPU.ActiveCfg = Release|Any CPU
		{25495BA6-DBA9-49A2-B718-3345464530FE}.Release|Any CPU.Build.0 = Release|Any CPU
		{C8EE0E3D-9AD3-4891-9439-BBF09B44EB79}.Debug|Any CPU.ActiveCfg = Debug|Any CPU
		{C8EE0E3D-9AD3-4891-9439-BBF09B44EB79}.Debug|Any CPU.Build.0 = Debug|Any CPU
		{C8EE0E3D-9AD3-4891-9439-BBF09B44EB79}.Release|Any CPU.ActiveCfg = Release|Any CPU
		{C8EE0E3D-9AD3-4891-9439-BBF09B44EB79}.Release|Any CPU.Build.0 = Release|Any CPU
		{E274F8CD-045C-4EA0-B4C6-F641AECA175D}.Debug|Any CPU.ActiveCfg = Debug|Any CPU
		{E274F8CD-045C-4EA0-B4C6-F641AECA175D}.Debug|Any CPU.Build.0 = Debug|Any CPU
		{E274F8CD-045C-4EA0-B4C6-F641AECA175D}.Release|Any CPU.ActiveCfg = Release|Any CPU
		{E274F8CD-045C-4EA0-B4C6-F641AECA175D}.Release|Any CPU.Build.0 = Release|Any CPU
		{69F8369E-DA81-43DF-8FF4-6B783A10D081}.Debug|Any CPU.ActiveCfg = Debug|Any CPU
		{69F8369E-DA81-43DF-8FF4-6B783A10D081}.Debug|Any CPU.Build.0 = Debug|Any CPU
		{69F8369E-DA81-43DF-8FF4-6B783A10D081}.Release|Any CPU.ActiveCfg = Release|Any CPU
		{69F8369E-DA81-43DF-8FF4-6B783A10D081}.Release|Any CPU.Build.0 = Release|Any CPU
	EndGlobalSection
EndGlobal
